{
  "projects": [
    {
      "projectId": "amnVJ8o1F7xq2gJ3HyPq2x",
      "version": "latest",
      "dependencies": {
        "r3ASNrnyvLLLAtDvzUioQ": "4.7.0"
      },
      "lang": "ts",
      "fileLocks": [
        {
          "type": "globalVariant",
          "assetId": "rnpSycXlXHwe",
          "checksum": "f5106ebda0f5c2f778b5b6311c74fe34"
        },
        {
          "type": "renderModule",
          "assetId": "vzVJ8-q0WC4m",
          "checksum": "3e5b129658754c3798dcd353e587c548"
        },
        {
          "type": "cssRules",
          "assetId": "vzVJ8-q0WC4m",
          "checksum": "3e5b129658754c3798dcd353e587c548"
        },
        {
          "assetId": "amnVJ8o1F7xq2gJ3HyPq2x",
          "type": "projectCss",
          "checksum": "a604ab565be6b593a235ef79a7ce4924"
        }
      ],
      "codegenVersion": "0.0.1"
    },
    {
      "projectId": "r3ASNrnyvLLLAtDvzUioQ",
      "version": "4.7.0",
      "dependencies": {},
      "lang": "ts",
      "fileLocks": [
        {
          "assetId": "r3ASNrnyvLLLAtDvzUioQ",
          "type": "projectCss",
          "checksum": "1c02168c6b23256606111fdfdbb63549"
        }
      ],
      "codegenVersion": "0.0.1"
    }
  ],
  "cliVersion": "0.1.334"
}
